
Microsoft Visual Studio Solution File, Format Version 12.00
# Visual Studio 2017
Project("{FAE04EC0-301F-11D3-BF4B-00C04F79EFBC}") = "Snowplow.Analytics", "Snowplow.Analytics.csproj", "{A5492614-9C42-4563-ABC4-5151F3CEEB88}"
EndProject
Project("{FAE04EC0-301F-11D3-BF4B-00C04F79EFBC}") = "Snowplow.Analytics.Tests", "..\Snowplow.Analytics.Tests\Snowplow.Analytics.Tests.csproj", "{6D1EC5A6-0115-4CF0-B1FC-6C3E917529B8}"
EndProject
Global
	GlobalSection(SolutionConfigurationPlatforms) = preSolution
		Debug|Any CPU = Debug|Any CPU
		Release|Any CPU = Release|Any CPU
	EndGlobalSection
	GlobalSection(ProjectConfigurationPlatforms) = postSolution
		{A5492614-9C42-4563-ABC4-5151F3CEEB88}.Debug|Any CPU.ActiveCfg = Debug|Any CPU
		{A5492614-9C42-4563-ABC4-5151F3CEEB88}.Debug|Any CPU.Build.0 = Debug|Any CPU
		{A5492614-9C42-4563-ABC4-5151F3CEEB88}.Release|Any CPU.ActiveCfg = Release|Any CPU
		{A5492614-9C42-4563-ABC4-5151F3CEEB88}.Release|Any CPU.Build.0 = Release|Any CPU
		{6D1EC5A6-0115-4CF0-B1FC-6C3E917529B8}.Debug|Any CPU.ActiveCfg = Debug|Any CPU
		{6D1EC5A6-0115-4CF0-B1FC-6C3E917529B8}.Debug|Any CPU.Build.0 = Debug|Any CPU
		{6D1EC5A6-0115-4CF0-B1FC-6C3E917529B8}.Release|Any CPU.ActiveCfg = Release|Any CPU
		{6D1EC5A6-0115-4CF0-B1FC-6C3E917529B8}.Release|Any CPU.Build.0 = Release|Any CPU
	EndGlobalSection
EndGlobal
